{
	"name": "vite-plugin-sveltekit-extender",
	"version": "0.1.0",
	"lockfileVersion": 3,
	"requires": true,
	"packages": {
		"": {
			"name": "vite-plugin-sveltekit-extender",
			"version": "0.1.0",
			"dependencies": {
				"abstract-syntax-tree": "^2.22.0"
			}
		},
		"node_modules/abstract-syntax-tree": {
			"version": "2.22.0",
			"resolved": "https://registry.npmjs.org/abstract-syntax-tree/-/abstract-syntax-tree-2.22.0.tgz",
			"integrity": "sha512-Px1YA1lvdQN/DGqyZ4rIp6LH8mEtRcyFYZw48cYQ/fK0r7QffIPkEV2ob3g804aS9OjUwuKoqhPTKb3kvZVhug==",
			"dependencies": {
				"ast-types": "0.14.2",
				"astring": "^1.8.6",
				"esquery": "^1.5.0",
				"meriyah": "^4.4.0",
				"pure-conditions": "^1.2.1",
				"source-map": "^0.7.4"
			},
			"engines": {
				"node": ">=20.11.1"
			}
		},
		"node_modules/ast-types": {
			"version": "0.14.2",
			"resolved": "https://registry.npmjs.org/ast-types/-/ast-types-0.14.2.tgz",
			"integrity": "sha512-O0yuUDnZeQDL+ncNGlJ78BiO4jnYI3bvMsD5prT0/nsgijG/LpNBIr63gTjVTNsiGkgQhiyCShTgxt8oXOrklA==",
			"dependencies": {
				"tslib": "^2.0.1"
			},
			"engines": {
				"node": ">=4"
			}
		},
		"node_modules/astring": {
			"version": "1.9.0",
			"resolved": "https://registry.npmjs.org/astring/-/astring-1.9.0.tgz",
			"integrity": "sha512-LElXdjswlqjWrPpJFg1Fx4wpkOCxj1TDHlSV4PlaRxHGWko024xICaa97ZkMfs6DRKlCguiAI+rbXv5GWwXIkg==",
			"bin": {
				"astring": "bin/astring"
			}
		},
		"node_modules/esquery": {
			"version": "1.6.0",
			"resolved": "https://registry.npmjs.org/esquery/-/esquery-1.6.0.tgz",
			"integrity": "sha512-ca9pw9fomFcKPvFLXhBKUK90ZvGibiGOvRJNbjljY7s7uq/5YO4BOzcYtJqExdx99rF6aAcnRxHmcUHcz6sQsg==",
			"dependencies": {
				"estraverse": "^5.1.0"
			},
			"engines": {
				"node": ">=0.10"
			}
		},
		"node_modules/estraverse": {
			"version": "5.3.0",
			"resolved": "https://registry.npmjs.org/estraverse/-/estraverse-5.3.0.tgz",
			"integrity": "sha512-MMdARuVEQziNTeJD8DgMqmhwR11BRQ/cBP+pLtYdSTnf3MIO8fFeiINEbX36ZdNlfU/7A9f3gUw49B3oQsvwBA==",
			"engines": {
				"node": ">=4.0"
			}
		},
		"node_modules/meriyah": {
			"version": "4.5.0",
			"resolved": "https://registry.npmjs.org/meriyah/-/meriyah-4.5.0.tgz",
			"integrity": "sha512-Rbiu0QPIxTXgOXwiIpRVJfZRQ2FWyfzYrOGBs9SN5RbaXg1CN5ELn/plodwWwluX93yzc4qO/bNIen1ThGFCxw==",
			"engines": {
				"node": ">=10.4.0"
			}
		},
		"node_modules/pure-conditions": {
			"version": "1.2.1",
			"resolved": "https://registry.npmjs.org/pure-conditions/-/pure-conditions-1.2.1.tgz",
			"integrity": "sha512-MKk7sKQiR3Fe3bL/QedUZ1eVoNO0xpOCyiTGdVrK+4ZCDa9TgwNp6D/U1FthjhVGS9a857BS84WncvZvOYECUw=="
		},
		"node_modules/source-map": {
			"version": "0.7.4",
			"resolved": "https://registry.npmjs.org/source-map/-/source-map-0.7.4.tgz",
			"integrity": "sha512-l3BikUxvPOcn5E74dZiq5BGsTb5yEwhaTSzccU6t4sDOH8NWJCstKO5QT2CvtFoK6F0saL7p9xHAqHOlCPJygA==",
			"engines": {
				"node": ">= 8"
			}
		},
		"node_modules/tslib": {
			"version": "2.8.1",
			"resolved": "https://registry.npmjs.org/tslib/-/tslib-2.8.1.tgz",
			"integrity": "sha512-oJFu94HQb+KVduSUQL7wnpmqnfmLsOA/nAh6b6EH0wCEoK0/mPeXU6c3wKDV83MkOuHPRHtSXKKU99IBazS/2w=="
		}
	}
}
